
Microsoft Visual Studio Solution File, Format Version 12.00
# Visual Studio Version 17
VisualStudioVersion = 17.11.35327.3
MinimumVisualStudioVersion = 10.0.40219.1
Project("{8BC9CEB8-8B4A-11D0-8D11-00A0C91BC942}") = "tupe", "tupe.vcxproj", "{7613B539-845C-49BB-AD17-F49BBDB91E9C}"
EndProject
Global
	GlobalSection(SolutionConfigurationPlatforms) = preSolution
		Debug|x64 = Debug|x64
		Debug|x86 = Debug|x86
		Release|x64 = Release|x64
		Release|x86 = Release|x86
	EndGlobalSection
	GlobalSection(ProjectConfigurationPlatforms) = postSolution
		{7613B539-845C-49BB-AD17-F49BBDB91E9C}.Debug|x64.ActiveCfg = Debug|x64
		{7613B539-845C-49BB-AD17-F49BBDB91E9C}.Debug|x64.Build.0 = Debug|x64
		{7613B539-845C-49BB-AD17-F49BBDB91E9C}.Debug|x86.ActiveCfg = Debug|Win32
		{7613B539-845C-49BB-AD17-F49BBDB91E9C}.Debug|x86.Build.0 = Debug|Win32
		{7613B539-845C-49BB-AD17-F49BBDB91E9C}.Release|x64.ActiveCfg = Release|x64
		{7613B539-845C-49BB-AD17-F49BBDB91E9C}.Release|x64.Build.0 = Release|x64
		{7613B539-845C-49BB-AD17-F49BBDB91E9C}.Release|x86.ActiveCfg = Release|Win32
		{7613B539-845C-49BB-AD17-F49BBDB91E9C}.Release|x86.Build.0 = Release|Win32
	EndGlobalSection
	GlobalSection(SolutionProperties) = preSolution
		HideSolutionNode = FALSE
	EndGlobalSection
	GlobalSection(ExtensibilityGlobals) = postSolution
		SolutionGuid = {7E4DDFA5-BF59-4F6E-8976-ED5B4F025971}
	EndGlobalSection
EndGlobal
